// !$*UTF8*$!
{
	archiveVersion = 1;
	classes = {
	};
	objectVersion = 50;
	objects = {

/* Begin PBXBuildFile section */
		D9027C1E2A38E30100EACED7 /* AppDelegate.swift in Sources */ = {isa = PBXBuildFile; fileRef = D9027C1D2A38E30100EACED7 /* AppDelegate.swift */; };
		D9027C202A38E30100EACED7 /* SceneDelegate.swift in Sources */ = {isa = PBXBuildFile; fileRef = D9027C1F2A38E30100EACED7 /* SceneDelegate.swift */; };
		D9027C222A38E30100EACED7 /* MainViewController.swift in Sources */ = {isa = PBXBuildFile; fileRef = D9027C212A38E30100EACED7 /* MainViewController.swift */; };
		D9027C252A38E30100EACED7 /* Main.storyboard in Resources */ = {isa = PBXBuildFile; fileRef = D9027C232A38E30100EACED7 /* Main.storyboard */; };
		D9027C272A38E30400EACED7 /* Assets.xcassets in Resources */ = {isa = PBXBuildFile; fileRef = D9027C262A38E30400EACED7 /* Assets.xcassets */; };
		D9027C2A2A38E30400EACED7 /* LaunchScreen.storyboard in Resources */ = {isa = PBXBuildFile; fileRef = D9027C282A38E30400EACED7 /* LaunchScreen.storyboard */; };
		D9027C352A38E30400EACED7 /* testezinTests.swift in Sources */ = {isa = PBXBuildFile; fileRef = D9027C342A38E30400EACED7 /* testezinTests.swift */; };
		D9027C402A38E30400EACED7 /* testezinUITests.swift in Sources */ = {isa = PBXBuildFile; fileRef = D9027C3F2A38E30400EACED7 /* testezinUITests.swift */; };
		D943B29D2A4E181900856217 /* PassDataDelegate.swift in Sources */ = {isa = PBXBuildFile; fileRef = D943B29C2A4E181900856217 /* PassDataDelegate.swift */; };
		D9441EB52A5755680002DD3A /* ContactsTableViewCell.swift in Sources */ = {isa = PBXBuildFile; fileRef = D9441EB32A5755680002DD3A /* ContactsTableViewCell.swift */; };
		D9441EB62A5755680002DD3A /* ContactsTableViewCell.xib in Resources */ = {isa = PBXBuildFile; fileRef = D9441EB42A5755680002DD3A /* ContactsTableViewCell.xib */; };
		D948900C2A5DDDB500F9355B /* HelpController.swift in Sources */ = {isa = PBXBuildFile; fileRef = D948900B2A5DDDB500F9355B /* HelpController.swift */; };
		D94D5A172A4B711A00465936 /* ContactViewController.swift in Sources */ = {isa = PBXBuildFile; fileRef = D94D5A162A4B711A00465936 /* ContactViewController.swift */; };
		D9DB55112A44B515003D8FF8 /* Contact.swift in Sources */ = {isa = PBXBuildFile; fileRef = D9DB55102A44B515003D8FF8 /* Contact.swift */; };
/* End PBXBuildFile section */

/* Begin PBXContainerItemProxy section */
		D9027C312A38E30400EACED7 /* PBXContainerItemProxy */ = {
			isa = PBXContainerItemProxy;
			containerPortal = D9027C122A38E30100EACED7 /* Project object */;
			proxyType = 1;
			remoteGlobalIDString = D9027C192A38E30100EACED7;
			remoteInfo = testezin;
		};
		D9027C3C2A38E30400EACED7 /* PBXContainerItemProxy */ = {
			isa = PBXContainerItemProxy;
			containerPortal = D9027C122A38E30100EACED7 /* Project object */;
			proxyType = 1;
			remoteGlobalIDString = D9027C192A38E30100EACED7;
			remoteInfo = testezin;
		};
/* End PBXContainerItemProxy section */

/* Begin PBXFileReference section */
		D9027C1A2A38E30100EACED7 /* testezin.app */ = {isa = PBXFileReference; explicitFileType = wrapper.application; includeInIndex = 0; path = testezin.app; sourceTree = BUILT_PRODUCTS_DIR; };
		D9027C1D2A38E30100EACED7 /* AppDelegate.swift */ = {isa = PBXFileReference; lastKnownFileType = sourcecode.swift; path = AppDelegate.swift; sourceTree = "<group>"; };
		D9027C1F2A38E30100EACED7 /* SceneDelegate.swift */ = {isa = PBXFileReference; lastKnownFileType = sourcecode.swift; path = SceneDelegate.swift; sourceTree = "<group>"; };
		D9027C212A38E30100EACED7 /* MainViewController.swift */ = {isa = PBXFileReference; lastKnownFileType = sourcecode.swift; path = MainViewController.swift; sourceTree = "<group>"; };
		D9027C242A38E30100EACED7 /* Base */ = {isa = PBXFileReference; lastKnownFileType = file.storyboard; name = Base; path = Base.lproj/Main.storyboard; sourceTree = "<group>"; };
		D9027C262A38E30400EACED7 /* Assets.xcassets */ = {isa = PBXFileReference; lastKnownFileType = folder.assetcatalog; path = Assets.xcassets; sourceTree = "<group>"; };
		D9027C292A38E30400EACED7 /* Base */ = {isa = PBXFileReference; lastKnownFileType = file.storyboard; name = Base; path = Base.lproj/LaunchScreen.storyboard; sourceTree = "<group>"; };
		D9027C2B2A38E30400EACED7 /* Info.plist */ = {isa = PBXFileReference; lastKnownFileType = text.plist.xml; path = Info.plist; sourceTree = "<group>"; };
		D9027C302A38E30400EACED7 /* testezinTests.xctest */ = {isa = PBXFileReference; explicitFileType = wrapper.cfbundle; includeInIndex = 0; path = testezinTests.xctest; sourceTree = BUILT_PRODUCTS_DIR; };
		D9027C342A38E30400EACED7 /* testezinTests.swift */ = {isa = PBXFileReference; lastKnownFileType = sourcecode.swift; path = testezinTests.swift; sourceTree = "<group>"; };
		D9027C362A38E30400EACED7 /* Info.plist */ = {isa = PBXFileReference; lastKnownFileType = text.plist.xml; path = Info.plist; sourceTree = "<group>"; };
		D9027C3B2A38E30400EACED7 /* testezinUITests.xctest */ = {isa = PBXFileReference; explicitFileType = wrapper.cfbundle; includeInIndex = 0; path = testezinUITests.xctest; sourceTree = BUILT_PRODUCTS_DIR; };
		D9027C3F2A38E30400EACED7 /* testezinUITests.swift */ = {isa = PBXFileReference; lastKnownFileType = sourcecode.swift; path = testezinUITests.swift; sourceTree = "<group>"; };
		D9027C412A38E30400EACED7 /* Info.plist */ = {isa = PBXFileReference; lastKnownFileType = text.plist.xml; path = Info.plist; sourceTree = "<group>"; };
		D943B29C2A4E181900856217 /* PassDataDelegate.swift */ = {isa = PBXFileReference; lastKnownFileType = sourcecode.swift; path = PassDataDelegate.swift; sourceTree = "<group>"; };
		D9441EB32A5755680002DD3A /* ContactsTableViewCell.swift */ = {isa = PBXFileReference; lastKnownFileType = sourcecode.swift; path = ContactsTableViewCell.swift; sourceTree = "<group>"; };
		D9441EB42A5755680002DD3A /* ContactsTableViewCell.xib */ = {isa = PBXFileReference; lastKnownFileType = file.xib; path = ContactsTableViewCell.xib; sourceTree = "<group>"; };
		D948900B2A5DDDB500F9355B /* HelpController.swift */ = {isa = PBXFileReference; lastKnownFileType = sourcecode.swift; path = HelpController.swift; sourceTree = "<group>"; };
		D94D5A162A4B711A00465936 /* ContactViewController.swift */ = {isa = PBXFileReference; lastKnownFileType = sourcecode.swift; path = ContactViewController.swift; sourceTree = "<group>"; };
		D9DB55102A44B515003D8FF8 /* Contact.swift */ = {isa = PBXFileReference; lastKnownFileType = sourcecode.swift; path = Contact.swift; sourceTree = "<group>"; };
/* End PBXFileReference section */

/* Begin PBXFrameworksBuildPhase section */
		D9027C172A38E30100EACED7 /* Frameworks */ = {
			isa = PBXFrameworksBuildPhase;
			buildActionMask = 2147483647;
			files = (
			);
			runOnlyForDeploymentPostprocessing = 0;
		};
		D9027C2D2A38E30400EACED7 /* Frameworks */ = {
			isa = PBXFrameworksBuildPhase;
			buildActionMask = 2147483647;
			files = (
			);
			runOnlyForDeploymentPostprocessing = 0;
		};
		D9027C382A38E30400EACED7 /* Frameworks */ = {
			isa = PBXFrameworksBuildPhase;
			buildActionMask = 2147483647;
			files = (
			);
			runOnlyForDeploymentPostprocessing = 0;
		};
/* End PBXFrameworksBuildPhase section */

/* Begin PBXGroup section */
		D9027C112A38E30100EACED7 = {
			isa = PBXGroup;
			children = (
				D9027C1C2A38E30100EACED7 /* testezin */,
				D9027C332A38E30400EACED7 /* testezinTests */,
				D9027C3E2A38E30400EACED7 /* testezinUITests */,
				D9027C1B2A38E30100EACED7 /* Products */,
			);
			sourceTree = "<group>";
		};
		D9027C1B2A38E30100EACED7 /* Products */ = {
			isa = PBXGroup;
			children = (
				D9027C1A2A38E30100EACED7 /* testezin.app */,
				D9027C302A38E30400EACED7 /* testezinTests.xctest */,
				D9027C3B2A38E30400EACED7 /* testezinUITests.xctest */,
			);
			name = Products;
			sourceTree = "<group>";
		};
		D9027C1C2A38E30100EACED7 /* testezin */ = {
			isa = PBXGroup;
			children = (
				D9DB55152A44CBDD003D8FF8 /* Models */,
				D9DB55162A44CC59003D8FF8 /* Modules */,
				D948900A2A5DDD6800F9355B /* Extension */,
				D9027C1D2A38E30100EACED7 /* AppDelegate.swift */,
				D9027C1F2A38E30100EACED7 /* SceneDelegate.swift */,
				D9027C262A38E30400EACED7 /* Assets.xcassets */,
				D9027C282A38E30400EACED7 /* LaunchScreen.storyboard */,
				D9027C2B2A38E30400EACED7 /* Info.plist */,
			);
			path = testezin;
			sourceTree = "<group>";
		};
		D9027C332A38E30400EACED7 /* testezinTests */ = {
			isa = PBXGroup;
			children = (
				D9027C342A38E30400EACED7 /* testezinTests.swift */,
				D9027C362A38E30400EACED7 /* Info.plist */,
			);
			path = testezinTests;
			sourceTree = "<group>";
		};
		D9027C3E2A38E30400EACED7 /* testezinUITests */ = {
			isa = PBXGroup;
			children = (
				D9027C3F2A38E30400EACED7 /* testezinUITests.swift */,
				D9027C412A38E30400EACED7 /* Info.plist */,
			);
			path = testezinUITests;
			sourceTree = "<group>";
		};
		D94330792A67206F003B634A /* Dashboard */ = {
			isa = PBXGroup;
			children = (
				D9027C212A38E30100EACED7 /* MainViewController.swift */,
			);
			path = Dashboard;
			sourceTree = "<group>";
		};
		D943307A2A67207D003B634A /* ContactList */ = {
			isa = PBXGroup;
			children = (
				D94D5A162A4B711A00465936 /* ContactViewController.swift */,
			);
			path = ContactList;
			sourceTree = "<group>";
		};
		D94330832A672223003B634A /* UIViewController */ = {
			isa = PBXGroup;
			children = (
				D948900B2A5DDDB500F9355B /* HelpController.swift */,
			);
			path = UIViewController;
			sourceTree = "<group>";
		};
		D94330842A67222D003B634A /* UITableViewCell */ = {
			isa = PBXGroup;
			children = (
				D9441EB22A57552F0002DD3A /* ContactsTableViewCell */,
			);
			path = UITableViewCell;
			sourceTree = "<group>";
		};
		D943B2902A4E17E300856217 /* Protocols */ = {
			isa = PBXGroup;
			children = (
				D943B29C2A4E181900856217 /* PassDataDelegate.swift */,
			);
			path = Protocols;
			sourceTree = "<group>";
		};
		D9441EB22A57552F0002DD3A /* ContactsTableViewCell */ = {
			isa = PBXGroup;
			children = (
				D9441EB32A5755680002DD3A /* ContactsTableViewCell.swift */,
				D9441EB42A5755680002DD3A /* ContactsTableViewCell.xib */,
			);
			path = ContactsTableViewCell;
			sourceTree = "<group>";
		};
		D948900A2A5DDD6800F9355B /* Extension */ = {
			isa = PBXGroup;
			children = (
				D943B2902A4E17E300856217 /* Protocols */,
				D94330842A67222D003B634A /* UITableViewCell */,
				D94330832A672223003B634A /* UIViewController */,
			);
			path = Extension;
			sourceTree = "<group>";
		};
		D9DB55152A44CBDD003D8FF8 /* Models */ = {
			isa = PBXGroup;
			children = (
				D9DB55102A44B515003D8FF8 /* Contact.swift */,
			);
			path = Models;
			sourceTree = "<group>";
		};
		D9DB55162A44CC59003D8FF8 /* Modules */ = {
			isa = PBXGroup;
			children = (
				D9027C232A38E30100EACED7 /* Main.storyboard */,
				D943307A2A67207D003B634A /* ContactList */,
				D94330792A67206F003B634A /* Dashboard */,
			);
			path = Modules;
			sourceTree = "<group>";
		};
/* End PBXGroup section */

/* Begin PBXNativeTarget section */
		D9027C192A38E30100EACED7 /* testezin */ = {
			isa = PBXNativeTarget;
			buildConfigurationList = D9027C442A38E30400EACED7 /* Build configuration list for PBXNativeTarget "testezin" */;
			buildPhases = (
				D9027C162A38E30100EACED7 /* Sources */,
				D9027C172A38E30100EACED7 /* Frameworks */,
				D9027C182A38E30100EACED7 /* Resources */,
			);
			buildRules = (
			);
			dependencies = (
			);
			name = testezin;
			productName = testezin;
			productReference = D9027C1A2A38E30100EACED7 /* testezin.app */;
			productType = "com.apple.product-type.application";
		};
		D9027C2F2A38E30400EACED7 /* testezinTests */ = {
			isa = PBXNativeTarget;
			buildConfigurationList = D9027C472A38E30400EACED7 /* Build configuration list for PBXNativeTarget "testezinTests" */;
			buildPhases = (
				D9027C2C2A38E30400EACED7 /* Sources */,
				D9027C2D2A38E30400EACED7 /* Frameworks */,
				D9027C2E2A38E30400EACED7 /* Resources */,
			);
			buildRules = (
			);
			dependencies = (
				D9027C322A38E30400EACED7 /* PBXTargetDependency */,
			);
			name = testezinTests;
			productName = testezinTests;
			productReference = D9027C302A38E30400EACED7 /* testezinTests.xctest */;
			productType = "com.apple.product-type.bundle.unit-test";
		};
		D9027C3A2A38E30400EACED7 /* testezinUITests */ = {
			isa = PBXNativeTarget;
			buildConfigurationList = D9027C4A2A38E30400EACED7 /* Build configuration list for PBXNativeTarget "testezinUITests" */;
			buildPhases = (
				D9027C372A38E30400EACED7 /* Sources */,
				D9027C382A38E30400EACED7 /* Frameworks */,
				D9027C392A38E30400EACED7 /* Resources */,
			);
			buildRules = (
			);
			dependencies = (
				D9027C3D2A38E30400EACED7 /* PBXTargetDependency */,
			);
			name = testezinUITests;
			productName = testezinUITests;
			productReference = D9027C3B2A38E30400EACED7 /* testezinUITests.xctest */;
			productType = "com.apple.product-type.bundle.ui-testing";
		};
/* End PBXNativeTarget section */

/* Begin PBXProject section */
		D9027C122A38E30100EACED7 /* Project object */ = {
			isa = PBXProject;
			attributes = {
				LastSwiftUpdateCheck = 1240;
				LastUpgradeCheck = 1240;
				TargetAttributes = {
					D9027C192A38E30100EACED7 = {
						CreatedOnToolsVersion = 12.4;
					};
					D9027C2F2A38E30400EACED7 = {
						CreatedOnToolsVersion = 12.4;
						TestTargetID = D9027C192A38E30100EACED7;
					};
					D9027C3A2A38E30400EACED7 = {
						CreatedOnToolsVersion = 12.4;
						TestTargetID = D9027C192A38E30100EACED7;
					};
				};
			};
			buildConfigurationList = D9027C152A38E30100EACED7 /* Build configuration list for PBXProject "testezin" */;
			compatibilityVersion = "Xcode 9.3";
			developmentRegion = en;
			hasScannedForEncodings = 0;
			knownRegions = (
				en,
				Base,
			);
			mainGroup = D9027C112A38E30100EACED7;
			productRefGroup = D9027C1B2A38E30100EACED7 /* Products */;
			projectDirPath = "";
			projectRoot = "";
			targets = (
				D9027C192A38E30100EACED7 /* testezin */,
				D9027C2F2A38E30400EACED7 /* testezinTests */,
				D9027C3A2A38E30400EACED7 /* testezinUITests */,
			);
		};
/* End PBXProject section */

/* Begin PBXResourcesBuildPhase section */
		D9027C182A38E30100EACED7 /* Resources */ = {
			isa = PBXResourcesBuildPhase;
			buildActionMask = 2147483647;
			files = (
				D9441EB62A5755680002DD3A /* ContactsTableViewCell.xib in Resources */,
				D9027C2A2A38E30400EACED7 /* LaunchScreen.storyboard in Resources */,
				D9027C272A38E30400EACED7 /* Assets.xcassets in Resources */,
				D9027C252A38E30100EACED7 /* Main.storyboard in Resources */,
			);
			runOnlyForDeploymentPostprocessing = 0;
		};
		D9027C2E2A38E30400EACED7 /* Resources */ = {
			isa = PBXResourcesBuildPhase;
			buildActionMask = 2147483647;
			files = (
			);
			runOnlyForDeploymentPostprocessing = 0;
		};
		D9027C392A38E30400EACED7 /* Resources */ = {
			isa = PBXResourcesBuildPhase;
			buildActionMask = 2147483647;
			files = (
			);
			runOnlyForDeploymentPostprocessing = 0;
		};
/* End PBXResourcesBuildPhase section */

/* Begin PBXSourcesBuildPhase section */
		D9027C162A38E30100EACED7 /* Sources */ = {
			isa = PBXSourcesBuildPhase;
			buildActionMask = 2147483647;
			files = (
				D9441EB52A5755680002DD3A /* ContactsTableViewCell.swift in Sources */,
				D94D5A172A4B711A00465936 /* ContactViewController.swift in Sources */,
				D948900C2A5DDDB500F9355B /* HelpController.swift in Sources */,
				D9027C222A38E30100EACED7 /* MainViewController.swift in Sources */,
				D9027C1E2A38E30100EACED7 /* AppDelegate.swift in Sources */,
				D9027C202A38E30100EACED7 /* SceneDelegate.swift in Sources */,
				D9DB55112A44B515003D8FF8 /* Contact.swift in Sources */,
				D943B29D2A4E181900856217 /* PassDataDelegate.swift in Sources */,
			);
			runOnlyForDeploymentPostprocessing = 0;
		};
		D9027C2C2A38E30400EACED7 /* Sources */ = {
			isa = PBXSourcesBuildPhase;
			buildActionMask = 2147483647;
			files = (
				D9027C352A38E30400EACED7 /* testezinTests.swift in Sources */,
			);
			runOnlyForDeploymentPostprocessing = 0;
		};
		D9027C372A38E30400EACED7 /* Sources */ = {
			isa = PBXSourcesBuildPhase;
			buildActionMask = 2147483647;
			files = (
				D9027C402A38E30400EACED7 /* testezinUITests.swift in Sources */,
			);
			runOnlyForDeploymentPostprocessing = 0;
		};
/* End PBXSourcesBuildPhase section */

/* Begin PBXTargetDependency section */
		D9027C322A38E30400EACED7 /* PBXTargetDependency */ = {
			isa = PBXTargetDependency;
			target = D9027C192A38E30100EACED7 /* testezin */;
			targetProxy = D9027C312A38E30400EACED7 /* PBXContainerItemProxy */;
		};
		D9027C3D2A38E30400EACED7 /* PBXTargetDependency */ = {
			isa = PBXTargetDependency;
			target = D9027C192A38E30100EACED7 /* testezin */;
			targetProxy = D9027C3C2A38E30400EACED7 /* PBXContainerItemProxy */;
		};
/* End PBXTargetDependency section */

/* Begin PBXVariantGroup section */
		D9027C232A38E30100EACED7 /* Main.storyboard */ = {
			isa = PBXVariantGroup;
			children = (
				D9027C242A38E30100EACED7 /* Base */,
			);
			name = Main.storyboard;
			sourceTree = "<group>";
		};
		D9027C282A38E30400EACED7 /* LaunchScreen.storyboard */ = {
			isa = PBXVariantGroup;
			children = (
				D9027C292A38E30400EACED7 /* Base */,
			);
			name = LaunchScreen.storyboard;
			sourceTree = "<group>";
		};
/* End PBXVariantGroup section */

/* Begin XCBuildConfiguration section */
		D9027C422A38E30400EACED7 /* Debug */ = {
			isa = XCBuildConfiguration;
			buildSettings = {
				ALWAYS_SEARCH_USER_PATHS = NO;
				CLANG_ANALYZER_NONNULL = YES;
				CLANG_ANALYZER_NUMBER_OBJECT_CONVERSION = YES_AGGRESSIVE;
				CLANG_CXX_LANGUAGE_STANDARD = "gnu++14";
				CLANG_CXX_LIBRARY = "libc++";
				CLANG_ENABLE_MODULES = YES;
				CLANG_ENABLE_OBJC_ARC = YES;
				CLANG_ENABLE_OBJC_WEAK = YES;
				CLANG_WARN_BLOCK_CAPTURE_AUTORELEASING = YES;
				CLANG_WARN_BOOL_CONVERSION = YES;
				CLANG_WARN_COMMA = YES;
				CLANG_WARN_CONSTANT_CONVERSION = YES;
				CLANG_WARN_DEPRECATED_OBJC_IMPLEMENTATIONS = YES;
				CLANG_WARN_DIRECT_OBJC_ISA_USAGE = YES_ERROR;
				CLANG_WARN_DOCUMENTATION_COMMENTS = YES;
				CLANG_WARN_EMPTY_BODY = YES;
				CLANG_WARN_ENUM_CONVERSION = YES;
				CLANG_WARN_INFINITE_RECURSION = YES;
				CLANG_WARN_INT_CONVERSION = YES;
				CLANG_WARN_NON_LITERAL_NULL_CONVERSION = YES;
				CLANG_WARN_OBJC_IMPLICIT_RETAIN_SELF = YES;
				CLANG_WARN_OBJC_LITERAL_CONVERSION = YES;
				CLANG_WARN_OBJC_ROOT_CLASS = YES_ERROR;
				CLANG_WARN_QUOTED_INCLUDE_IN_FRAMEWORK_HEADER = YES;
				CLANG_WARN_RANGE_LOOP_ANALYSIS = YES;
				CLANG_WARN_STRICT_PROTOTYPES = YES;
				CLANG_WARN_SUSPICIOUS_MOVE = YES;
				CLANG_WARN_UNGUARDED_AVAILABILITY = YES_AGGRESSIVE;
				CLANG_WARN_UNREACHABLE_CODE = YES;
				CLANG_WARN__DUPLICATE_METHOD_MATCH = YES;
				COPY_PHASE_STRIP = NO;
				DEBUG_INFORMATION_FORMAT = dwarf;
				ENABLE_STRICT_OBJC_MSGSEND = YES;
				ENABLE_TESTABILITY = YES;
				GCC_C_LANGUAGE_STANDARD = gnu11;
				GCC_DYNAMIC_NO_PIC = NO;
				GCC_NO_COMMON_BLOCKS = YES;
				GCC_OPTIMIZATION_LEVEL = 0;
				GCC_PREPROCESSOR_DEFINITIONS = (
					"DEBUG=1",
					"$(inherited)",
				);
				GCC_WARN_64_TO_32_BIT_CONVERSION = YES;
				GCC_WARN_ABOUT_RETURN_TYPE = YES_ERROR;
				GCC_WARN_UNDECLARED_SELECTOR = YES;
				GCC_WARN_UNINITIALIZED_AUTOS = YES_AGGRESSIVE;
				GCC_WARN_UNUSED_FUNCTION = YES;
				GCC_WARN_UNUSED_VARIABLE = YES;
				IPHONEOS_DEPLOYMENT_TARGET = 14.4;
				MTL_ENABLE_DEBUG_INFO = INCLUDE_SOURCE;
				MTL_FAST_MATH = YES;
				ONLY_ACTIVE_ARCH = YES;
				SDKROOT = iphoneos;
				SWIFT_ACTIVE_COMPILATION_CONDITIONS = DEBUG;
				SWIFT_OPTIMIZATION_LEVEL = "-Onone";
			};
			name = Debug;
		};
		D9027C432A38E30400EACED7 /* Release */ = {
			isa = XCBuildConfiguration;
			buildSettings = {
				ALWAYS_SEARCH_USER_PATHS = NO;
				CLANG_ANALYZER_NONNULL = YES;
				CLANG_ANALYZER_NUMBER_OBJECT_CONVERSION = YES_AGGRESSIVE;
				CLANG_CXX_LANGUAGE_STANDARD = "gnu++14";
				CLANG_CXX_LIBRARY = "libc++";
				CLANG_ENABLE_MODULES = YES;
				CLANG_ENABLE_OBJC_ARC = YES;
				CLANG_ENABLE_OBJC_WEAK = YES;
				CLANG_WARN_BLOCK_CAPTURE_AUTORELEASING = YES;
				CLANG_WARN_BOOL_CONVERSION = YES;
				CLANG_WARN_COMMA = YES;
				CLANG_WARN_CONSTANT_CONVERSION = YES;
				CLANG_WARN_DEPRECATED_OBJC_IMPLEMENTATIONS = YES;
				CLANG_WARN_DIRECT_OBJC_ISA_USAGE = YES_ERROR;
				CLANG_WARN_DOCUMENTATION_COMMENTS = YES;
				CLANG_WARN_EMPTY_BODY = YES;
				CLANG_WARN_ENUM_CONVERSION = YES;
				CLANG_WARN_INFINITE_RECURSION = YES;
				CLANG_WARN_INT_CONVERSION = YES;
				CLANG_WARN_NON_LITERAL_NULL_CONVERSION = YES;
				CLANG_WARN_OBJC_IMPLICIT_RETAIN_SELF = YES;
				CLANG_WARN_OBJC_LITERAL_CONVERSION = YES;
				CLANG_WARN_OBJC_ROOT_CLASS = YES_ERROR;
				CLANG_WARN_QUOTED_INCLUDE_IN_FRAMEWORK_HEADER = YES;
				CLANG_WARN_RANGE_LOOP_ANALYSIS = YES;
				CLANG_WARN_STRICT_PROTOTYPES = YES;
				CLANG_WARN_SUSPICIOUS_MOVE = YES;
				CLANG_WARN_UNGUARDED_AVAILABILITY = YES_AGGRESSIVE;
				CLANG_WARN_UNREACHABLE_CODE = YES;
				CLANG_WARN__DUPLICATE_METHOD_MATCH = YES;
				COPY_PHASE_STRIP = NO;
				DEBUG_INFORMATION_FORMAT = "dwarf-with-dsym";
				ENABLE_NS_ASSERTIONS = NO;
				ENABLE_STRICT_OBJC_MSGSEND = YES;
				GCC_C_LANGUAGE_STANDARD = gnu11;
				GCC_NO_COMMON_BLOCKS = YES;
				GCC_WARN_64_TO_32_BIT_CONVERSION = YES;
				GCC_WARN_ABOUT_RETURN_TYPE = YES_ERROR;
				GCC_WARN_UNDECLARED_SELECTOR = YES;
				GCC_WARN_UNINITIALIZED_AUTOS = YES_AGGRESSIVE;
				GCC_WARN_UNUSED_FUNCTION = YES;
				GCC_WARN_UNUSED_VARIABLE = YES;
				IPHONEOS_DEPLOYMENT_TARGET = 14.4;
				MTL_ENABLE_DEBUG_INFO = NO;
				MTL_FAST_MATH = YES;
				SDKROOT = iphoneos;
				SWIFT_COMPILATION_MODE = wholemodule;
				SWIFT_OPTIMIZATION_LEVEL = "-O";
				VALIDATE_PRODUCT = YES;
			};
			name = Release;
		};
		D9027C452A38E30400EACED7 /* Debug */ = {
			isa = XCBuildConfiguration;
			buildSettings = {
				ASSETCATALOG_COMPILER_APPICON_NAME = AppIcon;
				ASSETCATALOG_COMPILER_GLOBAL_ACCENT_COLOR_NAME = AccentColor;
				CODE_SIGN_STYLE = Automatic;
				INFOPLIST_FILE = testezin/Info.plist;
				LD_RUNPATH_SEARCH_PATHS = (
					"$(inherited)",
					"@executable_path/Frameworks",
				);
				PRODUCT_BUNDLE_IDENTIFIER = com.testezin;
				PRODUCT_NAME = "$(TARGET_NAME)";
				SWIFT_VERSION = 5.0;
				TARGETED_DEVICE_FAMILY = "1,2";
			};
			name = Debug;
		};
		D9027C462A38E30400EACED7 /* Release */ = {
			isa = XCBuildConfiguration;
			buildSettings = {
				ASSETCATALOG_COMPILER_APPICON_NAME = AppIcon;
				ASSETCATALOG_COMPILER_GLOBAL_ACCENT_COLOR_NAME = AccentColor;
				CODE_SIGN_STYLE = Automatic;
				INFOPLIST_FILE = testezin/Info.plist;
				LD_RUNPATH_SEARCH_PATHS = (
					"$(inherited)",
					"@executable_path/Frameworks",
				);
				PRODUCT_BUNDLE_IDENTIFIER = com.testezin;
				PRODUCT_NAME = "$(TARGET_NAME)";
				SWIFT_VERSION = 5.0;
				TARGETED_DEVICE_FAMILY = "1,2";
			};
			name = Release;
		};
		D9027C482A38E30400EACED7 /* Debug */ = {
			isa = XCBuildConfiguration;
			buildSettings = {
				ALWAYS_EMBED_SWIFT_STANDARD_LIBRARIES = YES;
				BUNDLE_LOADER = "$(TEST_HOST)";
				CODE_SIGN_STYLE = Automatic;
				INFOPLIST_FILE = testezinTests/Info.plist;
				IPHONEOS_DEPLOYMENT_TARGET = 14.4;
				LD_RUNPATH_SEARCH_PATHS = (
					"$(inherited)",
					"@executable_path/Frameworks",
					"@loader_path/Frameworks",
				);
				PRODUCT_BUNDLE_IDENTIFIER = com.testezinTests;
				PRODUCT_NAME = "$(TARGET_NAME)";
				SWIFT_VERSION = 5.0;
				TARGETED_DEVICE_FAMILY = "1,2";
				TEST_HOST = "$(BUILT_PRODUCTS_DIR)/testezin.app/testezin";
			};
			name = Debug;
		};
		D9027C492A38E30400EACED7 /* Release */ = {
			isa = XCBuildConfiguration;
			buildSettings = {
				ALWAYS_EMBED_SWIFT_STANDARD_LIBRARIES = YES;
				BUNDLE_LOADER = "$(TEST_HOST)";
				CODE_SIGN_STYLE = Automatic;
				INFOPLIST_FILE = testezinTests/Info.plist;
				IPHONEOS_DEPLOYMENT_TARGET = 14.4;
				LD_RUNPATH_SEARCH_PATHS = (
					"$(inherited)",
					"@executable_path/Frameworks",
					"@loader_path/Frameworks",
				);
				PRODUCT_BUNDLE_IDENTIFIER = com.testezinTests;
				PRODUCT_NAME = "$(TARGET_NAME)";
				SWIFT_VERSION = 5.0;
				TARGETED_DEVICE_FAMILY = "1,2";
				TEST_HOST = "$(BUILT_PRODUCTS_DIR)/testezin.app/testezin";
			};
			name = Release;
		};
		D9027C4B2A38E30400EACED7 /* Debug */ = {
			isa = XCBuildConfiguration;
			buildSettings = {
				ALWAYS_EMBED_SWIFT_STANDARD_LIBRARIES = YES;
				CODE_SIGN_STYLE = Automatic;
				INFOPLIST_FILE = testezinUITests/Info.plist;
				LD_RUNPATH_SEARCH_PATHS = (
					"$(inherited)",
					"@executable_path/Frameworks",
					"@loader_path/Frameworks",
				);
				PRODUCT_BUNDLE_IDENTIFIER = com.testezinUITests;
				PRODUCT_NAME = "$(TARGET_NAME)";
				SWIFT_VERSION = 5.0;
				TARGETED_DEVICE_FAMILY = "1,2";
				TEST_TARGET_NAME = testezin;
			};
			name = Debug;
		};
		D9027C4C2A38E30400EACED7 /* Release */ = {
			isa = XCBuildConfiguration;
			buildSettings = {
				ALWAYS_EMBED_SWIFT_STANDARD_LIBRARIES = YES;
				CODE_SIGN_STYLE = Automatic;
				INFOPLIST_FILE = testezinUITests/Info.plist;
				LD_RUNPATH_SEARCH_PATHS = (
					"$(inherited)",
					"@executable_path/Frameworks",
					"@loader_path/Frameworks",
				);
				PRODUCT_BUNDLE_IDENTIFIER = com.testezinUITests;
				PRODUCT_NAME = "$(TARGET_NAME)";
				SWIFT_VERSION = 5.0;
				TARGETED_DEVICE_FAMILY = "1,2";
				TEST_TARGET_NAME = testezin;
			};
			name = Release;
		};
/* End XCBuildConfiguration section */

/* Begin XCConfigurationList section */
		D9027C152A38E30100EACED7 /* Build configuration list for PBXProject "testezin" */ = {
			isa = XCConfigurationList;
			buildConfigurations = (
				D9027C422A38E30400EACED7 /* Debug */,
				D9027C432A38E30400EACED7 /* Release */,
			);
			defaultConfigurationIsVisible = 0;
			defaultConfigurationName = Release;
		};
		D9027C442A38E30400EACED7 /* Build configuration list for PBXNativeTarget "testezin" */ = {
			isa = XCConfigurationList;
			buildConfigurations = (
				D9027C452A38E30400EACED7 /* Debug */,
				D9027C462A38E30400EACED7 /* Release */,
			);
			defaultConfigurationIsVisible = 0;
			defaultConfigurationName = Release;
		};
		D9027C472A38E30400EACED7 /* Build configuration list for PBXNativeTarget "testezinTests" */ = {
			isa = XCConfigurationList;
			buildConfigurations = (
				D9027C482A38E30400EACED7 /* Debug */,
				D9027C492A38E30400EACED7 /* Release */,
			);
			defaultConfigurationIsVisible = 0;
			defaultConfigurationName = Release;
		};
		D9027C4A2A38E30400EACED7 /* Build configuration list for PBXNativeTarget "testezinUITests" */ = {
			isa = XCConfigurationList;
			buildConfigurations = (
				D9027C4B2A38E30400EACED7 /* Debug */,
				D9027C4C2A38E30400EACED7 /* Release */,
			);
			defaultConfigurationIsVisible = 0;
			defaultConfigurationName = Release;
		};
/* End XCConfigurationList section */
	};
	rootObject = D9027C122A38E30100EACED7 /* Project object */;
}
